
Microsoft Visual Studio Solution File, Format Version 12.00
# Visual Studio Version 16
VisualStudioVersion = 25.0.1700.1
MinimumVisualStudioVersion = 10.0.40219.1
Project("{FAE04EC0-301F-11D3-BF4B-00C04F79EFBC}") = "KillerRobots", "KillerRobots\KillerRobots.csproj", "{6B508B61-B6DF-463D-B9C8-BCEFEF2282E4}"
EndProject
Global
	GlobalSection(SolutionConfigurationPlatforms) = preSolution
		Debug|Any CPU = Debug|Any CPU
		Release|Any CPU = Release|Any CPU
	EndGlobalSection
	GlobalSection(ProjectConfigurationPlatforms) = postSolution
		{6B508B61-B6DF-463D-B9C8-BCEFEF2282E4}.Debug|Any CPU.ActiveCfg = Debug|Any CPU
		{6B508B61-B6DF-463D-B9C8-BCEFEF2282E4}.Debug|Any CPU.Build.0 = Debug|Any CPU
		{6B508B61-B6DF-463D-B9C8-BCEFEF2282E4}.Release|Any CPU.ActiveCfg = Release|Any CPU
		{6B508B61-B6DF-463D-B9C8-BCEFEF2282E4}.Release|Any CPU.Build.0 = Release|Any CPU
	EndGlobalSection
	GlobalSection(SolutionProperties) = preSolution
		HideSolutionNode = FALSE
	EndGlobalSection
	GlobalSection(ExtensibilityGlobals) = postSolution
		SolutionGuid = {02AE76F8-564E-4704-A1C1-C4369393E7BF}
	EndGlobalSection
EndGlobal
